
Microsoft Visual Studio Solution File, Format Version 12.00
# Visual Studio 15
VisualStudioVersion = 15.0.28307.757
MinimumVisualStudioVersion = 10.0.40219.1
Project("{9A19103F-16F7-4668-BE54-9A1E7A4F7556}") = "LicensingSolution", "LicensingSolution\LicensingSolution.csproj", "{DC9E3E0E-A313-4348-98D3-9A4E244F2550}"
EndProject
Global
	GlobalSection(SolutionConfigurationPlatforms) = preSolution
		Debug|Any CPU = Debug|Any CPU
		Release|Any CPU = Release|Any CPU
	EndGlobalSection
	GlobalSection(ProjectConfigurationPlatforms) = postSolution
		{DC9E3E0E-A313-4348-98D3-9A4E244F2550}.Debug|Any CPU.ActiveCfg = Debug|Any CPU
		{DC9E3E0E-A313-4348-98D3-9A4E244F2550}.Debug|Any CPU.Build.0 = Debug|Any CPU
		{DC9E3E0E-A313-4348-98D3-9A4E244F2550}.Release|Any CPU.ActiveCfg = Release|Any CPU
		{DC9E3E0E-A313-4348-98D3-9A4E244F2550}.Release|Any CPU.Build.0 = Release|Any CPU
	EndGlobalSection
	GlobalSection(SolutionProperties) = preSolution
		HideSolutionNode = FALSE
	EndGlobalSection
	GlobalSection(ExtensibilityGlobals) = postSolution
		SolutionGuid = {D9E44E43-B9C9-4ED5-9488-2E4D0E168D78}
	EndGlobalSection
EndGlobal
